// !$*UTF8*$!
{
	archiveVersion = 1;
	classes = {
	};
	objectVersion = 46;
	objects = {

/* Begin PBXBuildFile section */
		C40F23771C19D9320029AF6C /* main.m in Sources */ = {isa = PBXBuildFile; fileRef = C40F23761C19D9320029AF6C /* main.m */; };
		C40F237A1C19D9320029AF6C /* AppDelegate.m in Sources */ = {isa = PBXBuildFile; fileRef = C40F23791C19D9320029AF6C /* AppDelegate.m */; };
		C40F237D1C19D9320029AF6C /* ViewController.m in Sources */ = {isa = PBXBuildFile; fileRef = C40F237C1C19D9320029AF6C /* ViewController.m */; };
		C40F23801C19D9320029AF6C /* Main.storyboard in Resources */ = {isa = PBXBuildFile; fileRef = C40F237E1C19D9320029AF6C /* Main.storyboard */; };
		C40F23821C19D9320029AF6C /* Assets.xcassets in Resources */ = {isa = PBXBuildFile; fileRef = C40F23811C19D9320029AF6C /* Assets.xcassets */; };
		C40F23851C19D9320029AF6C /* LaunchScreen.storyboard in Resources */ = {isa = PBXBuildFile; fileRef = C40F23831C19D9320029AF6C /* LaunchScreen.storyboard */; };
		C40F238A1C19D9320029AF6C /* fortune WatchKit App.app in Embed Watch Content */ = {isa = PBXBuildFile; fileRef = C40F23891C19D9320029AF6C /* fortune WatchKit App.app */; };
		C40F23901C19D9320029AF6C /* Interface.storyboard in Resources */ = {isa = PBXBuildFile; fileRef = C40F238E1C19D9320029AF6C /* Interface.storyboard */; };
		C40F23921C19D9320029AF6C /* Assets.xcassets in Resources */ = {isa = PBXBuildFile; fileRef = C40F23911C19D9320029AF6C /* Assets.xcassets */; };
		C40F23991C19D9320029AF6C /* fortune WatchKit Extension.appex in Embed App Extensions */ = {isa = PBXBuildFile; fileRef = C40F23981C19D9320029AF6C /* fortune WatchKit Extension.appex */; settings = {ATTRIBUTES = (RemoveHeadersOnCopy, ); }; };
		C40F23A11C19D9320029AF6C /* InterfaceController.m in Sources */ = {isa = PBXBuildFile; fileRef = C40F23A01C19D9320029AF6C /* InterfaceController.m */; };
		C40F23A41C19D9320029AF6C /* ExtensionDelegate.m in Sources */ = {isa = PBXBuildFile; fileRef = C40F23A31C19D9320029AF6C /* ExtensionDelegate.m */; };
		C40F23A71C19D9320029AF6C /* NotificationController.m in Sources */ = {isa = PBXBuildFile; fileRef = C40F23A61C19D9320029AF6C /* NotificationController.m */; };
		C40F23AA1C19D9320029AF6C /* GlanceController.m in Sources */ = {isa = PBXBuildFile; fileRef = C40F23A91C19D9320029AF6C /* GlanceController.m */; };
		C40F23AD1C19D9320029AF6C /* ComplicationController.m in Sources */ = {isa = PBXBuildFile; fileRef = C40F23AC1C19D9320029AF6C /* ComplicationController.m */; };
		C40F23AF1C19D9320029AF6C /* Assets.xcassets in Resources */ = {isa = PBXBuildFile; fileRef = C40F23AE1C19D9320029AF6C /* Assets.xcassets */; };
		C4575B811C1A07D300B2799A /* fortune.json in Resources */ = {isa = PBXBuildFile; fileRef = C4575B801C1A07D300B2799A /* fortune.json */; };
		C4575B841C1A089B00B2799A /* FortuneManager.m in Sources */ = {isa = PBXBuildFile; fileRef = C4575B831C1A089B00B2799A /* FortuneManager.m */; };
		C4575B851C1A0FB900B2799A /* fortune.json in Resources */ = {isa = PBXBuildFile; fileRef = C4575B801C1A07D300B2799A /* fortune.json */; };
		C4575B861C1A0FE800B2799A /* FortuneManager.m in Sources */ = {isa = PBXBuildFile; fileRef = C4575B831C1A089B00B2799A /* FortuneManager.m */; };
/* End PBXBuildFile section */

/* Begin PBXContainerItemProxy section */
		C40F238B1C19D9320029AF6C /* PBXContainerItemProxy */ = {
			isa = PBXContainerItemProxy;
			containerPortal = C40F236A1C19D9320029AF6C /* Project object */;
			proxyType = 1;
			remoteGlobalIDString = C40F23881C19D9320029AF6C;
			remoteInfo = "fortune WatchKit App";
		};
		C40F239A1C19D9320029AF6C /* PBXContainerItemProxy */ = {
			isa = PBXContainerItemProxy;
			containerPortal = C40F236A1C19D9320029AF6C /* Project object */;
			proxyType = 1;
			remoteGlobalIDString = C40F23971C19D9320029AF6C;
			remoteInfo = "fortune WatchKit Extension";
		};
/* End PBXContainerItemProxy section */

/* Begin PBXCopyFilesBuildPhase section */
		C40F23B61C19D9320029AF6C /* Embed App Extensions */ = {
			isa = PBXCopyFilesBuildPhase;
			buildActionMask = 2147483647;
			dstPath = "";
			dstSubfolderSpec = 13;
			files = (
				C40F23991C19D9320029AF6C /* fortune WatchKit Extension.appex in Embed App Extensions */,
			);
			name = "Embed App Extensions";
			runOnlyForDeploymentPostprocessing = 0;
		};
		C40F23BA1C19D9320029AF6C /* Embed Watch Content */ = {
			isa = PBXCopyFilesBuildPhase;
			buildActionMask = 2147483647;
			dstPath = "$(CONTENTS_FOLDER_PATH)/Watch";
			dstSubfolderSpec = 16;
			files = (
				C40F238A1C19D9320029AF6C /* fortune WatchKit App.app in Embed Watch Content */,
			);
			name = "Embed Watch Content";
			runOnlyForDeploymentPostprocessing = 0;
		};
/* End PBXCopyFilesBuildPhase section */

/* Begin PBXFileReference section */
		C40F23721C19D9320029AF6C /* fortune.app */ = {isa = PBXFileReference; explicitFileType = wrapper.application; includeInIndex = 0; path = fortune.app; sourceTree = BUILT_PRODUCTS_DIR; };
		C40F23761C19D9320029AF6C /* main.m */ = {isa = PBXFileReference; lastKnownFileType = sourcecode.c.objc; path = main.m; sourceTree = "<group>"; };
		C40F23781C19D9320029AF6C /* AppDelegate.h */ = {isa = PBXFileReference; lastKnownFileType = sourcecode.c.h; path = AppDelegate.h; sourceTree = "<group>"; };
		C40F23791C19D9320029AF6C /* AppDelegate.m */ = {isa = PBXFileReference; lastKnownFileType = sourcecode.c.objc; path = AppDelegate.m; sourceTree = "<group>"; };
		C40F237B1C19D9320029AF6C /* ViewController.h */ = {isa = PBXFileReference; lastKnownFileType = sourcecode.c.h; path = ViewController.h; sourceTree = "<group>"; };
		C40F237C1C19D9320029AF6C /* ViewController.m */ = {isa = PBXFileReference; lastKnownFileType = sourcecode.c.objc; path = ViewController.m; sourceTree = "<group>"; };
		C40F237F1C19D9320029AF6C /* Base */ = {isa = PBXFileReference; lastKnownFileType = file.storyboard; name = Base; path = Base.lproj/Main.storyboard; sourceTree = "<group>"; };
		C40F23811C19D9320029AF6C /* Assets.xcassets */ = {isa = PBXFileReference; lastKnownFileType = folder.assetcatalog; path = Assets.xcassets; sourceTree = "<group>"; };
		C40F23841C19D9320029AF6C /* Base */ = {isa = PBXFileReference; lastKnownFileType = file.storyboard; name = Base; path = Base.lproj/LaunchScreen.storyboard; sourceTree = "<group>"; };
		C40F23861C19D9320029AF6C /* Info.plist */ = {isa = PBXFileReference; lastKnownFileType = text.plist.xml; path = Info.plist; sourceTree = "<group>"; };
		C40F23891C19D9320029AF6C /* fortune WatchKit App.app */ = {isa = PBXFileReference; explicitFileType = wrapper.application; includeInIndex = 0; path = "fortune WatchKit App.app"; sourceTree = BUILT_PRODUCTS_DIR; };
		C40F238F1C19D9320029AF6C /* Base */ = {isa = PBXFileReference; lastKnownFileType = file.storyboard; name = Base; path = Base.lproj/Interface.storyboard; sourceTree = "<group>"; };
		C40F23911C19D9320029AF6C /* Assets.xcassets */ = {isa = PBXFileReference; lastKnownFileType = folder.assetcatalog; path = Assets.xcassets; sourceTree = "<group>"; };
		C40F23931C19D9320029AF6C /* Info.plist */ = {isa = PBXFileReference; lastKnownFileType = text.plist.xml; path = Info.plist; sourceTree = "<group>"; };
		C40F23981C19D9320029AF6C /* fortune WatchKit Extension.appex */ = {isa = PBXFileReference; explicitFileType = "wrapper.app-extension"; includeInIndex = 0; path = "fortune WatchKit Extension.appex"; sourceTree = BUILT_PRODUCTS_DIR; };
		C40F239E1C19D9320029AF6C /* PushNotificationPayload.apns */ = {isa = PBXFileReference; lastKnownFileType = text; path = PushNotificationPayload.apns; sourceTree = "<group>"; };
		C40F239F1C19D9320029AF6C /* InterfaceController.h */ = {isa = PBXFileReference; lastKnownFileType = sourcecode.c.h; path = InterfaceController.h; sourceTree = "<group>"; };
		C40F23A01C19D9320029AF6C /* InterfaceController.m */ = {isa = PBXFileReference; lastKnownFileType = sourcecode.c.objc; path = InterfaceController.m; sourceTree = "<group>"; };
		C40F23A21C19D9320029AF6C /* ExtensionDelegate.h */ = {isa = PBXFileReference; lastKnownFileType = sourcecode.c.h; path = ExtensionDelegate.h; sourceTree = "<group>"; };
		C40F23A31C19D9320029AF6C /* ExtensionDelegate.m */ = {isa = PBXFileReference; lastKnownFileType = sourcecode.c.objc; path = ExtensionDelegate.m; sourceTree = "<group>"; };
		C40F23A51C19D9320029AF6C /* NotificationController.h */ = {isa = PBXFileReference; lastKnownFileType = sourcecode.c.h; path = NotificationController.h; sourceTree = "<group>"; };
		C40F23A61C19D9320029AF6C /* NotificationController.m */ = {isa = PBXFileReference; lastKnownFileType = sourcecode.c.objc; path = NotificationController.m; sourceTree = "<group>"; };
		C40F23A81C19D9320029AF6C /* GlanceController.h */ = {isa = PBXFileReference; lastKnownFileType = sourcecode.c.h; path = GlanceController.h; sourceTree = "<group>"; };
		C40F23A91C19D9320029AF6C /* GlanceController.m */ = {isa = PBXFileReference; lastKnownFileType = sourcecode.c.objc; path = GlanceController.m; sourceTree = "<group>"; };
		C40F23AB1C19D9320029AF6C /* ComplicationController.h */ = {isa = PBXFileReference; lastKnownFileType = sourcecode.c.h; path = ComplicationController.h; sourceTree = "<group>"; };
		C40F23AC1C19D9320029AF6C /* ComplicationController.m */ = {isa = PBXFileReference; lastKnownFileType = sourcecode.c.objc; path = ComplicationController.m; sourceTree = "<group>"; };
		C40F23AE1C19D9320029AF6C /* Assets.xcassets */ = {isa = PBXFileReference; lastKnownFileType = folder.assetcatalog; path = Assets.xcassets; sourceTree = "<group>"; };
		C40F23B01C19D9320029AF6C /* Info.plist */ = {isa = PBXFileReference; lastKnownFileType = text.plist.xml; path = Info.plist; sourceTree = "<group>"; };
		C4575B801C1A07D300B2799A /* fortune.json */ = {isa = PBXFileReference; fileEncoding = 4; lastKnownFileType = text.json; path = fortune.json; sourceTree = "<group>"; };
		C4575B821C1A089B00B2799A /* FortuneManager.h */ = {isa = PBXFileReference; fileEncoding = 4; lastKnownFileType = sourcecode.c.h; path = FortuneManager.h; sourceTree = "<group>"; };
		C4575B831C1A089B00B2799A /* FortuneManager.m */ = {isa = PBXFileReference; fileEncoding = 4; lastKnownFileType = sourcecode.c.objc; path = FortuneManager.m; sourceTree = "<group>"; };
/* End PBXFileReference section */

/* Begin PBXFrameworksBuildPhase section */
		C40F236F1C19D9320029AF6C /* Frameworks */ = {
			isa = PBXFrameworksBuildPhase;
			buildActionMask = 2147483647;
			files = (
			);
			runOnlyForDeploymentPostprocessing = 0;
		};
		C40F23951C19D9320029AF6C /* Frameworks */ = {
			isa = PBXFrameworksBuildPhase;
			buildActionMask = 2147483647;
			files = (
			);
			runOnlyForDeploymentPostprocessing = 0;
		};
/* End PBXFrameworksBuildPhase section */

/* Begin PBXGroup section */
		C40F23691C19D9320029AF6C = {
			isa = PBXGroup;
			children = (
				C40F23741C19D9320029AF6C /* fortune */,
				C40F238D1C19D9320029AF6C /* fortune WatchKit App */,
				C40F239C1C19D9320029AF6C /* fortune WatchKit Extension */,
				C40F23731C19D9320029AF6C /* Products */,
			);
			sourceTree = "<group>";
		};
		C40F23731C19D9320029AF6C /* Products */ = {
			isa = PBXGroup;
			children = (
				C40F23721C19D9320029AF6C /* fortune.app */,
				C40F23891C19D9320029AF6C /* fortune WatchKit App.app */,
				C40F23981C19D9320029AF6C /* fortune WatchKit Extension.appex */,
			);
			name = Products;
			sourceTree = "<group>";
		};
		C40F23741C19D9320029AF6C /* fortune */ = {
			isa = PBXGroup;
			children = (
				C40F23781C19D9320029AF6C /* AppDelegate.h */,
				C40F23791C19D9320029AF6C /* AppDelegate.m */,
				C40F237B1C19D9320029AF6C /* ViewController.h */,
				C40F237C1C19D9320029AF6C /* ViewController.m */,
				C40F237E1C19D9320029AF6C /* Main.storyboard */,
				C40F23811C19D9320029AF6C /* Assets.xcassets */,
				C40F23831C19D9320029AF6C /* LaunchScreen.storyboard */,
				C40F23861C19D9320029AF6C /* Info.plist */,
				C40F23751C19D9320029AF6C /* Supporting Files */,
				C4575B821C1A089B00B2799A /* FortuneManager.h */,
				C4575B831C1A089B00B2799A /* FortuneManager.m */,
			);
			path = fortune;
			sourceTree = "<group>";
		};
		C40F23751C19D9320029AF6C /* Supporting Files */ = {
			isa = PBXGroup;
			children = (
				C40F23761C19D9320029AF6C /* main.m */,
				C4575B801C1A07D300B2799A /* fortune.json */,
			);
			name = "Supporting Files";
			sourceTree = "<group>";
		};
		C40F238D1C19D9320029AF6C /* fortune WatchKit App */ = {
			isa = PBXGroup;
			children = (
				C40F238E1C19D9320029AF6C /* Interface.storyboard */,
				C40F23911C19D9320029AF6C /* Assets.xcassets */,
				C40F23931C19D9320029AF6C /* Info.plist */,
			);
			path = "fortune WatchKit App";
			sourceTree = "<group>";
		};
		C40F239C1C19D9320029AF6C /* fortune WatchKit Extension */ = {
			isa = PBXGroup;
			children = (
				C40F239F1C19D9320029AF6C /* InterfaceController.h */,
				C40F23A01C19D9320029AF6C /* InterfaceController.m */,
				C40F23A21C19D9320029AF6C /* ExtensionDelegate.h */,
				C40F23A31C19D9320029AF6C /* ExtensionDelegate.m */,
				C40F23A51C19D9320029AF6C /* NotificationController.h */,
				C40F23A61C19D9320029AF6C /* NotificationController.m */,
				C40F23A81C19D9320029AF6C /* GlanceController.h */,
				C40F23A91C19D9320029AF6C /* GlanceController.m */,
				C40F23AB1C19D9320029AF6C /* ComplicationController.h */,
				C40F23AC1C19D9320029AF6C /* ComplicationController.m */,
				C40F23AE1C19D9320029AF6C /* Assets.xcassets */,
				C40F23B01C19D9320029AF6C /* Info.plist */,
				C40F239D1C19D9320029AF6C /* Supporting Files */,
			);
			path = "fortune WatchKit Extension";
			sourceTree = "<group>";
		};
		C40F239D1C19D9320029AF6C /* Supporting Files */ = {
			isa = PBXGroup;
			children = (
				C40F239E1C19D9320029AF6C /* PushNotificationPayload.apns */,
			);
			name = "Supporting Files";
			sourceTree = "<group>";
		};
/* End PBXGroup section */

/* Begin PBXNativeTarget section */
		C40F23711C19D9320029AF6C /* fortune */ = {
			isa = PBXNativeTarget;
			buildConfigurationList = C40F23BB1C19D9320029AF6C /* Build configuration list for PBXNativeTarget "fortune" */;
			buildPhases = (
				C40F236E1C19D9320029AF6C /* Sources */,
				C40F236F1C19D9320029AF6C /* Frameworks */,
				C40F23701C19D9320029AF6C /* Resources */,
				C40F23BA1C19D9320029AF6C /* Embed Watch Content */,
			);
			buildRules = (
			);
			dependencies = (
				C40F238C1C19D9320029AF6C /* PBXTargetDependency */,
			);
			name = fortune;
			productName = fortune;
			productReference = C40F23721C19D9320029AF6C /* fortune.app */;
			productType = "com.apple.product-type.application";
		};
		C40F23881C19D9320029AF6C /* fortune WatchKit App */ = {
			isa = PBXNativeTarget;
			buildConfigurationList = C40F23B71C19D9320029AF6C /* Build configuration list for PBXNativeTarget "fortune WatchKit App" */;
			buildPhases = (
				C40F23871C19D9320029AF6C /* Resources */,
				C40F23B61C19D9320029AF6C /* Embed App Extensions */,
			);
			buildRules = (
			);
			dependencies = (
				C40F239B1C19D9320029AF6C /* PBXTargetDependency */,
			);
			name = "fortune WatchKit App";
			productName = "fortune WatchKit App";
			productReference = C40F23891C19D9320029AF6C /* fortune WatchKit App.app */;
			productType = "com.apple.product-type.application.watchapp2";
		};
		C40F23971C19D9320029AF6C /* fortune WatchKit Extension */ = {
			isa = PBXNativeTarget;
			buildConfigurationList = C40F23B31C19D9320029AF6C /* Build configuration list for PBXNativeTarget "fortune WatchKit Extension" */;
			buildPhases = (
				C40F23941C19D9320029AF6C /* Sources */,
				C40F23951C19D9320029AF6C /* Frameworks */,
				C40F23961C19D9320029AF6C /* Resources */,
			);
			buildRules = (
			);
			dependencies = (
			);
			name = "fortune WatchKit Extension";
			productName = "fortune WatchKit Extension";
			productReference = C40F23981C19D9320029AF6C /* fortune WatchKit Extension.appex */;
			productType = "com.apple.product-type.watchkit2-extension";
		};
/* End PBXNativeTarget section */

/* Begin PBXProject section */
		C40F236A1C19D9320029AF6C /* Project object */ = {
			isa = PBXProject;
			attributes = {
				LastUpgradeCheck = 0720;
				ORGANIZATIONNAME = "Pavel Tsybulin";
				TargetAttributes = {
					C40F23711C19D9320029AF6C = {
						CreatedOnToolsVersion = 7.2;
					};
					C40F23881C19D9320029AF6C = {
						CreatedOnToolsVersion = 7.2;
					};
					C40F23971C19D9320029AF6C = {
						CreatedOnToolsVersion = 7.2;
					};
				};
			};
			buildConfigurationList = C40F236D1C19D9320029AF6C /* Build configuration list for PBXProject "fortune" */;
			compatibilityVersion = "Xcode 3.2";
			developmentRegion = English;
			hasScannedForEncodings = 0;
			knownRegions = (
				en,
				Base,
			);
			mainGroup = C40F23691C19D9320029AF6C;
			productRefGroup = C40F23731C19D9320029AF6C /* Products */;
			projectDirPath = "";
			projectRoot = "";
			targets = (
				C40F23711C19D9320029AF6C /* fortune */,
				C40F23881C19D9320029AF6C /* fortune WatchKit App */,
				C40F23971C19D9320029AF6C /* fortune WatchKit Extension */,
			);
		};
/* End PBXProject section */

/* Begin PBXResourcesBuildPhase section */
		C40F23701C19D9320029AF6C /* Resources */ = {
			isa = PBXResourcesBuildPhase;
			buildActionMask = 2147483647;
			files = (
				C40F23851C19D9320029AF6C /* LaunchScreen.storyboard in Resources */,
				C40F23821C19D9320029AF6C /* Assets.xcassets in Resources */,
				C40F23801C19D9320029AF6C /* Main.storyboard in Resources */,
				C4575B811C1A07D300B2799A /* fortune.json in Resources */,
			);
			runOnlyForDeploymentPostprocessing = 0;
		};
		C40F23871C19D9320029AF6C /* Resources */ = {
			isa = PBXResourcesBuildPhase;
			buildActionMask = 2147483647;
			files = (
				C40F23921C19D9320029AF6C /* Assets.xcassets in Resources */,
				C40F23901C19D9320029AF6C /* Interface.storyboard in Resources */,
			);
			runOnlyForDeploymentPostprocessing = 0;
		};
		C40F23961C19D9320029AF6C /* Resources */ = {
			isa = PBXResourcesBuildPhase;
			buildActionMask = 2147483647;
			files = (
				C40F23AF1C19D9320029AF6C /* Assets.xcassets in Resources */,
				C4575B851C1A0FB900B2799A /* fortune.json in Resources */,
			);
			runOnlyForDeploymentPostprocessing = 0;
		};
/* End PBXResourcesBuildPhase section */

/* Begin PBXSourcesBuildPhase section */
		C40F236E1C19D9320029AF6C /* Sources */ = {
			isa = PBXSourcesBuildPhase;
			buildActionMask = 2147483647;
			files = (
				C40F237D1C19D9320029AF6C /* ViewController.m in Sources */,
				C4575B841C1A089B00B2799A /* FortuneManager.m in Sources */,
				C40F237A1C19D9320029AF6C /* AppDelegate.m in Sources */,
				C40F23771C19D9320029AF6C /* main.m in Sources */,
			);
			runOnlyForDeploymentPostprocessing = 0;
		};
		C40F23941C19D9320029AF6C /* Sources */ = {
			isa = PBXSourcesBuildPhase;
			buildActionMask = 2147483647;
			files = (
				C40F23A41C19D9320029AF6C /* ExtensionDelegate.m in Sources */,
				C40F23A11C19D9320029AF6C /* InterfaceController.m in Sources */,
				C40F23A71C19D9320029AF6C /* NotificationController.m in Sources */,
				C4575B861C1A0FE800B2799A /* FortuneManager.m in Sources */,
				C40F23AA1C19D9320029AF6C /* GlanceController.m in Sources */,
				C40F23AD1C19D9320029AF6C /* ComplicationController.m in Sources */,
			);
			runOnlyForDeploymentPostprocessing = 0;
		};
/* End PBXSourcesBuildPhase section */

/* Begin PBXTargetDependency section */
		C40F238C1C19D9320029AF6C /* PBXTargetDependency */ = {
			isa = PBXTargetDependency;
			target = C40F23881C19D9320029AF6C /* fortune WatchKit App */;
			targetProxy = C40F238B1C19D9320029AF6C /* PBXContainerItemProxy */;
		};
		C40F239B1C19D9320029AF6C /* PBXTargetDependency */ = {
			isa = PBXTargetDependency;
			target = C40F23971C19D9320029AF6C /* fortune WatchKit Extension */;
			targetProxy = C40F239A1C19D9320029AF6C /* PBXContainerItemProxy */;
		};
/* End PBXTargetDependency section */

/* Begin PBXVariantGroup section */
		C40F237E1C19D9320029AF6C /* Main.storyboard */ = {
			isa = PBXVariantGroup;
			children = (
				C40F237F1C19D9320029AF6C /* Base */,
			);
			name = Main.storyboard;
			sourceTree = "<group>";
		};
		C40F23831C19D9320029AF6C /* LaunchScreen.storyboard */ = {
			isa = PBXVariantGroup;
			children = (
				C40F23841C19D9320029AF6C /* Base */,
			);
			name = LaunchScreen.storyboard;
			sourceTree = "<group>";
		};
		C40F238E1C19D9320029AF6C /* Interface.storyboard */ = {
			isa = PBXVariantGroup;
			children = (
				C40F238F1C19D9320029AF6C /* Base */,
			);
			name = Interface.storyboard;
			sourceTree = "<group>";
		};
/* End PBXVariantGroup section */

/* Begin XCBuildConfiguration section */
		C40F23B11C19D9320029AF6C /* Debug */ = {
			isa = XCBuildConfiguration;
			buildSettings = {
				ALWAYS_SEARCH_USER_PATHS = NO;
				CLANG_CXX_LANGUAGE_STANDARD = "gnu++0x";
				CLANG_CXX_LIBRARY = "libc++";
				CLANG_ENABLE_MODULES = YES;
				CLANG_ENABLE_OBJC_ARC = YES;
				CLANG_WARN_BOOL_CONVERSION = YES;
				CLANG_WARN_CONSTANT_CONVERSION = YES;
				CLANG_WARN_DIRECT_OBJC_ISA_USAGE = YES_ERROR;
				CLANG_WARN_EMPTY_BODY = YES;
				CLANG_WARN_ENUM_CONVERSION = YES;
				CLANG_WARN_INT_CONVERSION = YES;
				CLANG_WARN_OBJC_ROOT_CLASS = YES_ERROR;
				CLANG_WARN_UNREACHABLE_CODE = YES;
				CLANG_WARN__DUPLICATE_METHOD_MATCH = YES;
				"CODE_SIGN_IDENTITY[sdk=iphoneos*]" = "iPhone Developer";
				COPY_PHASE_STRIP = NO;
				DEBUG_INFORMATION_FORMAT = dwarf;
				ENABLE_STRICT_OBJC_MSGSEND = YES;
				ENABLE_TESTABILITY = YES;
				GCC_C_LANGUAGE_STANDARD = gnu99;
				GCC_DYNAMIC_NO_PIC = NO;
				GCC_NO_COMMON_BLOCKS = YES;
				GCC_OPTIMIZATION_LEVEL = 0;
				GCC_PREPROCESSOR_DEFINITIONS = (
					"DEBUG=1",
					"$(inherited)",
				);
				GCC_WARN_64_TO_32_BIT_CONVERSION = YES;
				GCC_WARN_ABOUT_RETURN_TYPE = YES_ERROR;
				GCC_WARN_UNDECLARED_SELECTOR = YES;
				GCC_WARN_UNINITIALIZED_AUTOS = YES_AGGRESSIVE;
				GCC_WARN_UNUSED_FUNCTION = YES;
				GCC_WARN_UNUSED_VARIABLE = YES;
				IPHONEOS_DEPLOYMENT_TARGET = 9.2;
				MTL_ENABLE_DEBUG_INFO = YES;
				ONLY_ACTIVE_ARCH = YES;
				SDKROOT = iphoneos;
			};
			name = Debug;
		};
		C40F23B21C19D9320029AF6C /* Release */ = {
			isa = XCBuildConfiguration;
			buildSettings = {
				ALWAYS_SEARCH_USER_PATHS = NO;
				CLANG_CXX_LANGUAGE_STANDARD = "gnu++0x";
				CLANG_CXX_LIBRARY = "libc++";
				CLANG_ENABLE_MODULES = YES;
				CLANG_ENABLE_OBJC_ARC = YES;
				CLANG_WARN_BOOL_CONVERSION = YES;
				CLANG_WARN_CONSTANT_CONVERSION = YES;
				CLANG_WARN_DIRECT_OBJC_ISA_USAGE = YES_ERROR;
				CLANG_WARN_EMPTY_BODY = YES;
				CLANG_WARN_ENUM_CONVERSION = YES;
				CLANG_WARN_INT_CONVERSION = YES;
				CLANG_WARN_OBJC_ROOT_CLASS = YES_ERROR;
				CLANG_WARN_UNREACHABLE_CODE = YES;
				CLANG_WARN__DUPLICATE_METHOD_MATCH = YES;
				"CODE_SIGN_IDENTITY[sdk=iphoneos*]" = "iPhone Developer";
				COPY_PHASE_STRIP = NO;
				DEBUG_INFORMATION_FORMAT = "dwarf-with-dsym";
				ENABLE_NS_ASSERTIONS = NO;
				ENABLE_STRICT_OBJC_MSGSEND = YES;
				GCC_C_LANGUAGE_STANDARD = gnu99;
				GCC_NO_COMMON_BLOCKS = YES;
				GCC_WARN_64_TO_32_BIT_CONVERSION = YES;
				GCC_WARN_ABOUT_RETURN_TYPE = YES_ERROR;
				GCC_WARN_UNDECLARED_SELECTOR = YES;
				GCC_WARN_UNINITIALIZED_AUTOS = YES_AGGRESSIVE;
				GCC_WARN_UNUSED_FUNCTION = YES;
				GCC_WARN_UNUSED_VARIABLE = YES;
				IPHONEOS_DEPLOYMENT_TARGET = 9.2;
				MTL_ENABLE_DEBUG_INFO = NO;
				SDKROOT = iphoneos;
				VALIDATE_PRODUCT = YES;
			};
			name = Release;
		};
		C40F23B41C19D9320029AF6C /* Debug */ = {
			isa = XCBuildConfiguration;
			buildSettings = {
				ASSETCATALOG_COMPILER_COMPLICATION_NAME = Complication;
				INFOPLIST_FILE = "fortune WatchKit Extension/Info.plist";
				LD_RUNPATH_SEARCH_PATHS = "$(inherited) @executable_path/Frameworks @executable_path/../../Frameworks";
				PRODUCT_BUNDLE_IDENTIFIER = com.tsybulin.fortune.watchkitapp.watchkitextension;
				PRODUCT_NAME = "${TARGET_NAME}";
				SDKROOT = watchos;
				SKIP_INSTALL = YES;
				TARGETED_DEVICE_FAMILY = 4;
				WATCHOS_DEPLOYMENT_TARGET = 2.1;
			};
			name = Debug;
		};
		C40F23B51C19D9320029AF6C /* Release */ = {
			isa = XCBuildConfiguration;
			buildSettings = {
				ASSETCATALOG_COMPILER_COMPLICATION_NAME = Complication;
				INFOPLIST_FILE = "fortune WatchKit Extension/Info.plist";
				LD_RUNPATH_SEARCH_PATHS = "$(inherited) @executable_path/Frameworks @executable_path/../../Frameworks";
				PRODUCT_BUNDLE_IDENTIFIER = com.tsybulin.fortune.watchkitapp.watchkitextension;
				PRODUCT_NAME = "${TARGET_NAME}";
				SDKROOT = watchos;
				SKIP_INSTALL = YES;
				TARGETED_DEVICE_FAMILY = 4;
				WATCHOS_DEPLOYMENT_TARGET = 2.1;
			};
			name = Release;
		};
		C40F23B81C19D9320029AF6C /* Debug */ = {
			isa = XCBuildConfiguration;
			buildSettings = {
				ASSETCATALOG_COMPILER_APPICON_NAME = AppIcon;
				IBSC_MODULE = fortune_WatchKit_Extension;
				INFOPLIST_FILE = "fortune WatchKit App/Info.plist";
				PRODUCT_BUNDLE_IDENTIFIER = com.tsybulin.fortune.watchkitapp;
				PRODUCT_NAME = "$(TARGET_NAME)";
				SDKROOT = watchos;
				SKIP_INSTALL = YES;
				TARGETED_DEVICE_FAMILY = 4;
				WATCHOS_DEPLOYMENT_TARGET = 2.1;
			};
			name = Debug;
		};
		C40F23B91C19D9320029AF6C /* Release */ = {
			isa = XCBuildConfiguration;
			buildSettings = {
				ASSETCATALOG_COMPILER_APPICON_NAME = AppIcon;
				IBSC_MODULE = fortune_WatchKit_Extension;
				INFOPLIST_FILE = "fortune WatchKit App/Info.plist";
				PRODUCT_BUNDLE_IDENTIFIER = com.tsybulin.fortune.watchkitapp;
				PRODUCT_NAME = "$(TARGET_NAME)";
				SDKROOT = watchos;
				SKIP_INSTALL = YES;
				TARGETED_DEVICE_FAMILY = 4;
				WATCHOS_DEPLOYMENT_TARGET = 2.1;
			};
			name = Release;
		};
		C40F23BC1C19D9320029AF6C /* Debug */ = {
			isa = XCBuildConfiguration;
			buildSettings = {
				ASSETCATALOG_COMPILER_APPICON_NAME = AppIcon;
				INFOPLIST_FILE = fortune/Info.plist;
				LD_RUNPATH_SEARCH_PATHS = "$(inherited) @executable_path/Frameworks";
				PRODUCT_BUNDLE_IDENTIFIER = com.tsybulin.fortune;
				PRODUCT_NAME = "$(TARGET_NAME)";
			};
			name = Debug;
		};
		C40F23BD1C19D9320029AF6C /* Release */ = {
			isa = XCBuildConfiguration;
			buildSettings = {
				ASSETCATALOG_COMPILER_APPICON_NAME = AppIcon;
				INFOPLIST_FILE = fortune/Info.plist;
				LD_RUNPATH_SEARCH_PATHS = "$(inherited) @executable_path/Frameworks";
				PRODUCT_BUNDLE_IDENTIFIER = com.tsybulin.fortune;
				PRODUCT_NAME = "$(TARGET_NAME)";
			};
			name = Release;
		};
/* End XCBuildConfiguration section */

/* Begin XCConfigurationList section */
		C40F236D1C19D9320029AF6C /* Build configuration list for PBXProject "fortune" */ = {
			isa = XCConfigurationList;
			buildConfigurations = (
				C40F23B11C19D9320029AF6C /* Debug */,
				C40F23B21C19D9320029AF6C /* Release */,
			);
			defaultConfigurationIsVisible = 0;
			defaultConfigurationName = Release;
		};
		C40F23B31C19D9320029AF6C /* Build configuration list for PBXNativeTarget "fortune WatchKit Extension" */ = {
			isa = XCConfigurationList;
			buildConfigurations = (
				C40F23B41C19D9320029AF6C /* Debug */,
				C40F23B51C19D9320029AF6C /* Release */,
			);
			defaultConfigurationIsVisible = 0;
			defaultConfigurationName = Release;
		};
		C40F23B71C19D9320029AF6C /* Build configuration list for PBXNativeTarget "fortune WatchKit App" */ = {
			isa = XCConfigurationList;
			buildConfigurations = (
				C40F23B81C19D9320029AF6C /* Debug */,
				C40F23B91C19D9320029AF6C /* Release */,
			);
			defaultConfigurationIsVisible = 0;
			defaultConfigurationName = Release;
		};
		C40F23BB1C19D9320029AF6C /* Build configuration list for PBXNativeTarget "fortune" */ = {
			isa = XCConfigurationList;
			buildConfigurations = (
				C40F23BC1C19D9320029AF6C /* Debug */,
				C40F23BD1C19D9320029AF6C /* Release */,
			);
			defaultConfigurationIsVisible = 0;
			defaultConfigurationName = Release;
		};
/* End XCConfigurationList section */
	};
	rootObject = C40F236A1C19D9320029AF6C /* Project object */;
}
